<?xml version="1.0" encoding="utf-8"?>
<Project ToolsVersion="4.0" xmlns="http://schemas.microsoft.com/developer/msbuild/2003">
  <ItemGroup>
    <Filter Include="Source Files">
      <UniqueIdentifier>{4FC737F1-C7A5-4376-A066-2A32D752A2FF}</UniqueIdentifier>
      <Extensions>cpp;c;cc;cxx;c++;cppm;ixx;def;odl;idl;hpj;bat;asm;asmx</Extensions>
    </Filter>
    <Filter Include="Header Files">
      <UniqueIdentifier>{93995380-89BD-4b04-88EB-625FBE52EBFB}</UniqueIdentifier>
      <Extensions>h;hh;hpp;hxx;h++;hm;inl;inc;ipp;xsd</Extensions>
    </Filter>
    <Filter Include="Resource Files">
      <UniqueIdentifier>{67DA6AB6-F800-4c08-8B7A-83BB121AAD01}</UniqueIdentifier>
      <Extensions>rc;ico;cur;bmp;dlg;rc2;rct;bin;rgs;gif;jpg;jpeg;jpe;resx;tiff;tif;png;wav;mfcribbon-ms</Extensions>
    </Filter>
    <Filter Include="Source Files\01_array">
      <UniqueIdentifier>{44fe6f4f-119f-4272-89f7-7c5077ce6f4e}</UniqueIdentifier>
    </Filter>
    <Filter Include="Source Files\02_matrix">
      <UniqueIdentifier>{77191263-7e27-47c4-8946-0dba087e1582}</UniqueIdentifier>
    </Filter>
    <Filter Include="Source Files\03_string">
      <UniqueIdentifier>{562003a6-a800-48ad-88dc-9636d7f50990}</UniqueIdentifier>
    </Filter>
    <Filter Include="Source Files\04_searching_and_sorting">
      <UniqueIdentifier>{44e76155-353a-4a33-b8b6-c6266d275254}</UniqueIdentifier>
    </Filter>
  </ItemGroup>
  <ItemGroup>
    <ClCompile Include="Love-Babbar-450-In-CPPTest.cpp">
      <Filter>Source Files</Filter>
    </ClCompile>
    <ClCompile Include="pch.cpp">
      <Filter>Source Files</Filter>
    </ClCompile>
    <ClCompile Include="01_array\22_factorial_of_large_no.cpp">
      <Filter>Source Files\01_array</Filter>
    </ClCompile>
    <ClCompile Include="01_array\23_maximum_subarray_product.cpp">
      <Filter>Source Files\01_array</Filter>
    </ClCompile>
    <ClCompile Include="01_array\24_longest_consequecutive_subsequence.cpp">
      <Filter>Source Files\01_array</Filter>
    </ClCompile>
    <ClCompile Include="01_array\25_find_ele_more_than_nBYk.cpp">
      <Filter>Source Files\01_array</Filter>
    </ClCompile>
    <ClCompile Include="01_array\26_sell_buy_stock_atmost_twice.cpp">
      <Filter>Source Files\01_array</Filter>
    </ClCompile>
    <ClCompile Include="01_array\27_array_subset_of_another_array.cpp">
      <Filter>Source Files\01_array</Filter>
    </ClCompile>
    <ClCompile Include="01_array\28_triplet_of_ele_sum.cpp">
      <Filter>Source Files\01_array</Filter>
    </ClCompile>
    <ClCompile Include="01_array\29_trap_rain_water_problem.cpp">
      <Filter>Source Files\01_array</Filter>
    </ClCompile>
    <ClCompile Include="01_array\30_choclate_distribution_problem.cpp">
      <Filter>Source Files\01_array</Filter>
    </ClCompile>
    <ClCompile Include="01_array\31_smallest_subarray_with_sum_greater_than_k.cpp">
      <Filter>Source Files\01_array</Filter>
    </ClCompile>
    <ClCompile Include="01_array\32_three_way_partitioning_array.cpp">
      <Filter>Source Files\01_array</Filter>
    </ClCompile>
    <ClCompile Include="01_array\33_min_swaps_require_to_grp_together.cpp">
      <Filter>Source Files\01_array</Filter>
    </ClCompile>
    <ClCompile Include="01_array\34_check_if_palindrom_or_not.cpp">
      <Filter>Source Files\01_array</Filter>
    </ClCompile>
    <ClCompile Include="01_array\35_median_of_2_sorted_array_equal_size.cpp">
      <Filter>Source Files\01_array</Filter>
    </ClCompile>
    <ClCompile Include="01_array\36_median_of_2_sorted_array_diff_size.cpp">
      <Filter>Source Files\01_array</Filter>
    </ClCompile>
    <ClCompile Include="01_array\02_max_min_array.cpp">
      <Filter>Source Files\01_array</Filter>
    </ClCompile>
    <ClCompile Include="01_array\03_kth_max_min.cpp">
      <Filter>Source Files\01_array</Filter>
    </ClCompile>
    <ClCompile Include="01_array\04_sort_arr_0_1_2.cpp">
      <Filter>Source Files\01_array</Filter>
    </ClCompile>
    <ClCompile Include="01_array\05_negative_ele_to_one_side_of_array.cpp">
      <Filter>Source Files\01_array</Filter>
    </ClCompile>
    <ClCompile Include="01_array\06_union_and_intersection.cpp">
      <Filter>Source Files\01_array</Filter>
    </ClCompile>
    <ClCompile Include="01_array\07_cyclically_rotate_by_1.cpp">
      <Filter>Source Files\01_array</Filter>
    </ClCompile>
    <ClCompile Include="01_array\08_largest_sum_conti_arr.cpp">
      <Filter>Source Files\01_array</Filter>
    </ClCompile>
    <ClCompile Include="01_array\09_minimize_the_height.cpp">
      <Filter>Source Files\01_array</Filter>
    </ClCompile>
    <ClCompile Include="01_array\10_min_jumps_to_reach_end.cpp">
      <Filter>Source Files\01_array</Filter>
    </ClCompile>
    <ClCompile Include="01_array\11_find_duplicates.cpp">
      <Filter>Source Files\01_array</Filter>
    </ClCompile>
    <ClCompile Include="01_array\12_merge_2_sorted_array.cpp">
      <Filter>Source Files\01_array</Filter>
    </ClCompile>
    <ClCompile Include="01_array\13_kadane%27s_algo.cpp">
      <Filter>Source Files\01_array</Filter>
    </ClCompile>
    <ClCompile Include="01_array\14_merge_intervals.cpp">
      <Filter>Source Files\01_array</Filter>
    </ClCompile>
    <ClCompile Include="01_array\15_next_permutation.cpp">
      <Filter>Source Files\01_array</Filter>
    </ClCompile>
    <ClCompile Include="01_array\16_count_inversion.cpp">
      <Filter>Source Files\01_array</Filter>
    </ClCompile>
    <ClCompile Include="01_array\17_best_time_to_buy_stock.cpp">
      <Filter>Source Files\01_array</Filter>
    </ClCompile>
    <ClCompile Include="01_array\18_all_pair_whose_sum_is_k.cpp">
      <Filter>Source Files\01_array</Filter>
    </ClCompile>
    <ClCompile Include="01_array\19_common_ele_in_3_sorted_arr.cpp">
      <Filter>Source Files\01_array</Filter>
    </ClCompile>
    <ClCompile Include="01_array\20_rearrange_pos_neg_in_alter.cpp">
      <Filter>Source Files\01_array</Filter>
    </ClCompile>
    <ClCompile Include="01_array\21_subarray_with_sum_0.cpp">
      <Filter>Source Files\01_array</Filter>
    </ClCompile>
    <ClCompile Include="01_array\01_reverse_array.cpp">
      <Filter>Source Files\01_array</Filter>
    </ClCompile>
    <ClCompile Include="02_matrix\04_row_with_maximum_1.cpp">
      <Filter>Source Files\02_matrix</Filter>
    </ClCompile>
    <ClCompile Include="02_matrix\05_print_in_sorted_row_col_sorted_matrix.cpp">
      <Filter>Source Files\02_matrix</Filter>
    </ClCompile>
    <ClCompile Include="02_matrix\06_max_size_rectangle.cpp">
      <Filter>Source Files\02_matrix</Filter>
    </ClCompile>
    <ClCompile Include="02_matrix\07_specific_pair_in_matrix.cpp">
      <Filter>Source Files\02_matrix</Filter>
    </ClCompile>
    <ClCompile Include="02_matrix\08_rotate_matrix_by_90.cpp">
      <Filter>Source Files\02_matrix</Filter>
    </ClCompile>
    <ClCompile Include="02_matrix\09_kth_smallest_in_row_col_sorted_matrix.cpp">
      <Filter>Source Files\02_matrix</Filter>
    </ClCompile>
    <ClCompile Include="02_matrix\10_common_ele_in_all_rows.cpp">
      <Filter>Source Files\02_matrix</Filter>
    </ClCompile>
    <ClCompile Include="02_matrix\01_spiral_traversal_on_matrix.cpp">
      <Filter>Source Files\02_matrix</Filter>
    </ClCompile>
    <ClCompile Include="02_matrix\02_search_an_ele_in_matrix.cpp">
      <Filter>Source Files\02_matrix</Filter>
    </ClCompile>
    <ClCompile Include="02_matrix\03_median_in_row_wise_sorted_matrix.cpp">
      <Filter>Source Files\02_matrix</Filter>
    </ClCompile>
    <ClCompile Include="03_string\09_longest_recurring_subsequence.cpp">
      <Filter>Source Files\03_string</Filter>
    </ClCompile>
    <ClCompile Include="03_string\10_print_all_subsequence_of_string.cpp">
      <Filter>Source Files\03_string</Filter>
    </ClCompile>
    <ClCompile Include="03_string\11_print_all_permutation_of_string.cpp">
      <Filter>Source Files\03_string</Filter>
    </ClCompile>
    <ClCompile Include="03_string\12_split_binary_string_with_equal_1_and_0.cpp">
      <Filter>Source Files\03_string</Filter>
    </ClCompile>
    <ClCompile Include="03_string\13_word_wrap.cpp">
      <Filter>Source Files\03_string</Filter>
    </ClCompile>
    <ClCompile Include="03_string\14_edit_distance.cpp">
      <Filter>Source Files\03_string</Filter>
    </ClCompile>
    <ClCompile Include="03_string\15_find_next_greater_no_with_same_set_of_digit.cpp">
      <Filter>Source Files\03_string</Filter>
    </ClCompile>
    <ClCompile Include="03_string\16_balanced_paranthesis.cpp">
      <Filter>Source Files\03_string</Filter>
    </ClCompile>
    <ClCompile Include="03_string\17_word_break.cpp">
      <Filter>Source Files\03_string</Filter>
    </ClCompile>
    <ClCompile Include="03_string\18_rabin_karp.cpp">
      <Filter>Source Files\03_string</Filter>
    </ClCompile>
    <ClCompile Include="03_string\19_KMP.cpp">
      <Filter>Source Files\03_string</Filter>
    </ClCompile>
    <ClCompile Include="03_string\20_convert_sentence_into_numeric_keypad_sequence.cpp">
      <Filter>Source Files\03_string</Filter>
    </ClCompile>
    <ClCompile Include="03_string\21_min_no_of_bracket_reversals.cpp">
      <Filter>Source Files\03_string</Filter>
    </ClCompile>
    <ClCompile Include="03_string\22_count_all_palindromic_subsequence.cpp">
      <Filter>Source Files\03_string</Filter>
    </ClCompile>
    <ClCompile Include="03_string\23_count_of_no_of_given_string.cpp">
      <Filter>Source Files\03_string</Filter>
    </ClCompile>
    <ClCompile Include="03_string\24_search_word_in_2d_grid.cpp">
      <Filter>Source Files\03_string</Filter>
    </ClCompile>
    <ClCompile Include="03_string\25_boyer_moore_for_pattern_searching.cpp">
      <Filter>Source Files\03_string</Filter>
    </ClCompile>
    <ClCompile Include="03_string\26_converting_roman_numerals_to_integer.cpp">
      <Filter>Source Files\03_string</Filter>
    </ClCompile>
    <ClCompile Include="03_string\27_longest_common_prefix.cpp">
      <Filter>Source Files\03_string</Filter>
    </ClCompile>
    <ClCompile Include="03_string\28_min_no_of_flip_to_alternate.cpp">
      <Filter>Source Files\03_string</Filter>
    </ClCompile>
    <ClCompile Include="03_string\29_first_repeated_word_in_string.cpp">
      <Filter>Source Files\03_string</Filter>
    </ClCompile>
    <ClCompile Include="03_string\30_min_no_of_swaps_for_bracket_balancing.cpp">
      <Filter>Source Files\03_string</Filter>
    </ClCompile>
    <ClCompile Include="03_string\31_longest_common_subsequence.cpp">
      <Filter>Source Files\03_string</Filter>
    </ClCompile>
    <ClCompile Include="03_string\32_program_to_generate_all_valid_IP.cpp">
      <Filter>Source Files\03_string</Filter>
    </ClCompile>
    <ClCompile Include="03_string\33_smallest_window_contains_all_char_of_string_itself.cpp">
      <Filter>Source Files\03_string</Filter>
    </ClCompile>
    <ClCompile Include="03_string\34_rearrange_chars_such_that_two_adjacent_are_not_same.cpp">
      <Filter>Source Files\03_string</Filter>
    </ClCompile>
    <ClCompile Include="03_string\35_minimum_char_added_at_front_to_make_palindrom.cpp">
      <Filter>Source Files\03_string</Filter>
    </ClCompile>
    <ClCompile Include="03_string\36_given_sequence_of_all_words_print_all_anagrams.cpp">
      <Filter>Source Files\03_string</Filter>
    </ClCompile>
    <ClCompile Include="03_string\37_smallest_window_in_string_cont_all_char_of_another_string.cpp">
      <Filter>Source Files\03_string</Filter>
    </ClCompile>
    <ClCompile Include="03_string\38_recursively_remove_all_adjacent_same_char.cpp">
      <Filter>Source Files\03_string</Filter>
    </ClCompile>
    <ClCompile Include="03_string\39_string_match_where_one_string_have_wild_char.cpp">
      <Filter>Source Files\03_string</Filter>
    </ClCompile>
    <ClCompile Include="03_string\40_no_of_customers_who_could_not_find_computer.cpp">
      <Filter>Source Files\03_string</Filter>
    </ClCompile>
    <ClCompile Include="03_string\41_transform_one_string_to_another.cpp">
      <Filter>Source Files\03_string</Filter>
    </ClCompile>
    <ClCompile Include="03_string\42_check_if_two_given_string_are_isomorphic_of_each_other.cpp">
      <Filter>Source Files\03_string</Filter>
    </ClCompile>
    <ClCompile Include="03_string\43_recur_print_all_the_sentence_from_list_of_words.cpp">
      <Filter>Source Files\03_string</Filter>
    </ClCompile>
    <ClCompile Include="03_string\01-reverse-string.cpp">
      <Filter>Source Files\03_string</Filter>
    </ClCompile>
    <ClCompile Include="03_string\02-is-palindrom.cpp">
      <Filter>Source Files\03_string</Filter>
    </ClCompile>
    <ClCompile Include="03_string\03_duplicates_char_in_string.cpp">
      <Filter>Source Files\03_string</Filter>
    </ClCompile>
    <ClCompile Include="03_string\04_why_string_are_immutable.cpp">
      <Filter>Source Files\03_string</Filter>
    </ClCompile>
    <ClCompile Include="03_string\05_check_rotation_of_other.cpp">
      <Filter>Source Files\03_string</Filter>
    </ClCompile>
    <ClCompile Include="03_string\06_string_shuffle_of_other.cpp">
      <Filter>Source Files\03_string</Filter>
    </ClCompile>
    <ClCompile Include="03_string\07_count_and_say.cpp">
      <Filter>Source Files\03_string</Filter>
    </ClCompile>
    <ClCompile Include="03_string\08_longest_palindromic_substring.cpp">
      <Filter>Source Files\03_string</Filter>
    </ClCompile>
    <ClCompile Include="04_searching_and_sorting\10_find_pair_with_given_diff.cpp">
      <Filter>Source Files\04_searching_and_sorting</Filter>
    </ClCompile>
    <ClCompile Include="04_searching_and_sorting\11_find_four_ele_that_sum_to_given_value.cpp">
      <Filter>Source Files\04_searching_and_sorting</Filter>
    </ClCompile>
    <ClCompile Include="04_searching_and_sorting\12_max_sum_such_that_no_2_ele_are_adjacent.cpp">
      <Filter>Source Files\04_searching_and_sorting</Filter>
    </ClCompile>
    <ClCompile Include="04_searching_and_sorting\13_count_triplet_with_sum_less_than_given_value.cpp">
      <Filter>Source Files\04_searching_and_sorting</Filter>
    </ClCompile>
    <ClCompile Include="04_searching_and_sorting\14_merge_2_sorted_array.cpp">
      <Filter>Source Files\04_searching_and_sorting</Filter>
    </ClCompile>
    <ClCompile Include="04_searching_and_sorting\15_subarray_with_sum_0.cpp">
      <Filter>Source Files\04_searching_and_sorting</Filter>
    </ClCompile>
    <ClCompile Include="04_searching_and_sorting\16_product_array_puzzle.cpp">
      <Filter>Source Files\04_searching_and_sorting</Filter>
    </ClCompile>
    <ClCompile Include="04_searching_and_sorting\17_sort_array_acc_to_count_of_set_bits.cpp">
      <Filter>Source Files\04_searching_and_sorting</Filter>
    </ClCompile>
    <ClCompile Include="04_searching_and_sorting\18_min_swaps_require_to_sort_array.cpp">
      <Filter>Source Files\04_searching_and_sorting</Filter>
    </ClCompile>
    <ClCompile Include="04_searching_and_sorting\19_bishu_and_soldier.cpp">
      <Filter>Source Files\04_searching_and_sorting</Filter>
    </ClCompile>
    <ClCompile Include="04_searching_and_sorting\20_rasta_and_kashtak.cpp">
      <Filter>Source Files\04_searching_and_sorting</Filter>
    </ClCompile>
    <ClCompile Include="04_searching_and_sorting\21_kth_smallest_no_again.cpp">
      <Filter>Source Files\04_searching_and_sorting</Filter>
    </ClCompile>
    <ClCompile Include="04_searching_and_sorting\22_pivot_ele_in_sorted_array.cpp">
      <Filter>Source Files\04_searching_and_sorting</Filter>
    </ClCompile>
    <ClCompile Include="04_searching_and_sorting\23_kth_ele_of_2_sorted_array.cpp">
      <Filter>Source Files\04_searching_and_sorting</Filter>
    </ClCompile>
    <ClCompile Include="04_searching_and_sorting\24_aggressive_cows.cpp">
      <Filter>Source Files\04_searching_and_sorting</Filter>
    </ClCompile>
    <ClCompile Include="04_searching_and_sorting\25_book_allocation_problem.cpp">
      <Filter>Source Files\04_searching_and_sorting</Filter>
    </ClCompile>
    <ClCompile Include="04_searching_and_sorting\26_EKO.cpp">
      <Filter>Source Files\04_searching_and_sorting</Filter>
    </ClCompile>
    <ClCompile Include="04_searching_and_sorting\27_job_scheduling_algo.cpp">
      <Filter>Source Files\04_searching_and_sorting</Filter>
    </ClCompile>
    <ClCompile Include="04_searching_and_sorting\28_missing_no_in_AP.cpp">
      <Filter>Source Files\04_searching_and_sorting</Filter>
    </ClCompile>
    <ClCompile Include="04_searching_and_sorting\29_smallest_no_with_n_trailing_zero.cpp">
      <Filter>Source Files\04_searching_and_sorting</Filter>
    </ClCompile>
    <ClCompile Include="04_searching_and_sorting\30_painters_partition_problem.cpp">
      <Filter>Source Files\04_searching_and_sorting</Filter>
    </ClCompile>
    <ClCompile Include="04_searching_and_sorting\31_roti_prata.cpp">
      <Filter>Source Files\04_searching_and_sorting</Filter>
    </ClCompile>
    <ClCompile Include="04_searching_and_sorting\32_double_helix.cpp">
      <Filter>Source Files\04_searching_and_sorting</Filter>
    </ClCompile>
    <ClCompile Include="04_searching_and_sorting\33_sub_set_sum.cpp">
      <Filter>Source Files\04_searching_and_sorting</Filter>
    </ClCompile>
    <ClCompile Include="04_searching_and_sorting\34_find_inverse_count.cpp">
      <Filter>Source Files\04_searching_and_sorting</Filter>
    </ClCompile>
    <ClCompile Include="04_searching_and_sorting\35_implement_merge_sort_in_place.cpp">
      <Filter>Source Files\04_searching_and_sorting</Filter>
    </ClCompile>
    <ClCompile Include="04_searching_and_sorting\36_partitioning_and_sorting_array_with_repeating_entries.cpp">
      <Filter>Source Files\04_searching_and_sorting</Filter>
    </ClCompile>
    <ClCompile Include="04_searching_and_sorting\01_first_pos_and_last_pos.cpp">
      <Filter>Source Files\04_searching_and_sorting</Filter>
    </ClCompile>
    <ClCompile Include="04_searching_and_sorting\02_find_fixed_point.cpp">
      <Filter>Source Files\04_searching_and_sorting</Filter>
    </ClCompile>
    <ClCompile Include="04_searching_and_sorting\03_search_in_rotated_array.cpp">
      <Filter>Source Files\04_searching_and_sorting</Filter>
    </ClCompile>
    <ClCompile Include="04_searching_and_sorting\04_square_root_of_an_integer.cpp">
      <Filter>Source Files\04_searching_and_sorting</Filter>
    </ClCompile>
    <ClCompile Include="04_searching_and_sorting\05_max_min_with_min_comparison.cpp">
      <Filter>Source Files\04_searching_and_sorting</Filter>
    </ClCompile>
    <ClCompile Include="04_searching_and_sorting\06_optimum_location_of_point_to_minimize_distance.cpp">
      <Filter>Source Files\04_searching_and_sorting</Filter>
    </ClCompile>
    <ClCompile Include="04_searching_and_sorting\07_find_rep_and_missing.cpp">
      <Filter>Source Files\04_searching_and_sorting</Filter>
    </ClCompile>
    <ClCompile Include="04_searching_and_sorting\08_find_majority_ele.cpp">
      <Filter>Source Files\04_searching_and_sorting</Filter>
    </ClCompile>
    <ClCompile Include="04_searching_and_sorting\09_searching_array_with_adj_diff_by_almost_k.cpp">
      <Filter>Source Files\04_searching_and_sorting</Filter>
    </ClCompile>
  </ItemGroup>
  <ItemGroup>
    <ClInclude Include="pch.h">
      <Filter>Header Files</Filter>
    </ClInclude>
  </ItemGroup>
</Project>