<?xml version="1.0" encoding="utf-8"?>
<Project ToolsVersion="4.0" xmlns="http://schemas.microsoft.com/developer/msbuild/2003">
  <ItemGroup>
    <Filter Include="Source Files">
      <UniqueIdentifier>{4FC737F1-C7A5-4376-A066-2A32D752A2FF}</UniqueIdentifier>
      <Extensions>cpp;c;cc;cxx;c++;cppm;ixx;def;odl;idl;hpj;bat;asm;asmx</Extensions>
    </Filter>
    <Filter Include="Header Files">
      <UniqueIdentifier>{93995380-89BD-4b04-88EB-625FBE52EBFB}</UniqueIdentifier>
      <Extensions>h;hh;hpp;hxx;h++;hm;inl;inc;ipp;xsd</Extensions>
    </Filter>
    <Filter Include="Resource Files">
      <UniqueIdentifier>{67DA6AB6-F800-4c08-8B7A-83BB121AAD01}</UniqueIdentifier>
      <Extensions>rc;ico;cur;bmp;dlg;rc2;rct;bin;rgs;gif;jpg;jpeg;jpe;resx;tiff;tif;png;wav;mfcribbon-ms</Extensions>
    </Filter>
    <Filter Include="Source Files\01_array">
      <UniqueIdentifier>{44fe6f4f-119f-4272-89f7-7c5077ce6f4e}</UniqueIdentifier>
    </Filter>
    <Filter Include="Source Files\02_matrix">
      <UniqueIdentifier>{77191263-7e27-47c4-8946-0dba087e1582}</UniqueIdentifier>
    </Filter>
    <Filter Include="Source Files\03_string">
      <UniqueIdentifier>{562003a6-a800-48ad-88dc-9636d7f50990}</UniqueIdentifier>
    </Filter>
    <Filter Include="Source Files\04_searching_and_sorting">
      <UniqueIdentifier>{44e76155-353a-4a33-b8b6-c6266d275254}</UniqueIdentifier>
    </Filter>
    <Filter Include="Source Files\05_linked_list">
      <UniqueIdentifier>{fc331f23-2efe-4476-aacd-1ae983d5cc83}</UniqueIdentifier>
    </Filter>
    <Filter Include="Source Files\06_binary_trees">
      <UniqueIdentifier>{95e40464-3438-476d-8697-da60df20e70a}</UniqueIdentifier>
    </Filter>
    <Filter Include="Source Files\07_binary_search_trees">
      <UniqueIdentifier>{c85157a6-343f-4115-9b9f-915cd80797e4}</UniqueIdentifier>
    </Filter>
    <Filter Include="Source Files\08_greedy">
      <UniqueIdentifier>{fb7b9940-5094-40fd-9c23-9d7ffa5b5ebc}</UniqueIdentifier>
    </Filter>
    <Filter Include="Source Files\09_backtracking">
      <UniqueIdentifier>{061fad8d-6bf1-4b7b-ba6a-a78f07b7e747}</UniqueIdentifier>
    </Filter>
    <Filter Include="Source Files\10_stack_and_queues">
      <UniqueIdentifier>{9e644799-df26-42ba-b263-a1eb13f92d46}</UniqueIdentifier>
    </Filter>
  </ItemGroup>
  <ItemGroup>
    <ClCompile Include="Love-Babbar-450-In-CPPTest.cpp">
      <Filter>Source Files</Filter>
    </ClCompile>
    <ClCompile Include="pch.cpp">
      <Filter>Source Files</Filter>
    </ClCompile>
    <ClCompile Include="01_array\22_factorial_of_large_no.cpp">
      <Filter>Source Files\01_array</Filter>
    </ClCompile>
    <ClCompile Include="01_array\23_maximum_subarray_product.cpp">
      <Filter>Source Files\01_array</Filter>
    </ClCompile>
    <ClCompile Include="01_array\24_longest_consequecutive_subsequence.cpp">
      <Filter>Source Files\01_array</Filter>
    </ClCompile>
    <ClCompile Include="01_array\25_find_ele_more_than_nBYk.cpp">
      <Filter>Source Files\01_array</Filter>
    </ClCompile>
    <ClCompile Include="01_array\26_sell_buy_stock_atmost_twice.cpp">
      <Filter>Source Files\01_array</Filter>
    </ClCompile>
    <ClCompile Include="01_array\27_array_subset_of_another_array.cpp">
      <Filter>Source Files\01_array</Filter>
    </ClCompile>
    <ClCompile Include="01_array\28_triplet_of_ele_sum.cpp">
      <Filter>Source Files\01_array</Filter>
    </ClCompile>
    <ClCompile Include="01_array\29_trap_rain_water_problem.cpp">
      <Filter>Source Files\01_array</Filter>
    </ClCompile>
    <ClCompile Include="01_array\30_choclate_distribution_problem.cpp">
      <Filter>Source Files\01_array</Filter>
    </ClCompile>
    <ClCompile Include="01_array\31_smallest_subarray_with_sum_greater_than_k.cpp">
      <Filter>Source Files\01_array</Filter>
    </ClCompile>
    <ClCompile Include="01_array\32_three_way_partitioning_array.cpp">
      <Filter>Source Files\01_array</Filter>
    </ClCompile>
    <ClCompile Include="01_array\33_min_swaps_require_to_grp_together.cpp">
      <Filter>Source Files\01_array</Filter>
    </ClCompile>
    <ClCompile Include="01_array\34_check_if_palindrom_or_not.cpp">
      <Filter>Source Files\01_array</Filter>
    </ClCompile>
    <ClCompile Include="01_array\35_median_of_2_sorted_array_equal_size.cpp">
      <Filter>Source Files\01_array</Filter>
    </ClCompile>
    <ClCompile Include="01_array\36_median_of_2_sorted_array_diff_size.cpp">
      <Filter>Source Files\01_array</Filter>
    </ClCompile>
    <ClCompile Include="01_array\02_max_min_array.cpp">
      <Filter>Source Files\01_array</Filter>
    </ClCompile>
    <ClCompile Include="01_array\03_kth_max_min.cpp">
      <Filter>Source Files\01_array</Filter>
    </ClCompile>
    <ClCompile Include="01_array\04_sort_arr_0_1_2.cpp">
      <Filter>Source Files\01_array</Filter>
    </ClCompile>
    <ClCompile Include="01_array\05_negative_ele_to_one_side_of_array.cpp">
      <Filter>Source Files\01_array</Filter>
    </ClCompile>
    <ClCompile Include="01_array\06_union_and_intersection.cpp">
      <Filter>Source Files\01_array</Filter>
    </ClCompile>
    <ClCompile Include="01_array\07_cyclically_rotate_by_1.cpp">
      <Filter>Source Files\01_array</Filter>
    </ClCompile>
    <ClCompile Include="01_array\08_largest_sum_conti_arr.cpp">
      <Filter>Source Files\01_array</Filter>
    </ClCompile>
    <ClCompile Include="01_array\09_minimize_the_height.cpp">
      <Filter>Source Files\01_array</Filter>
    </ClCompile>
    <ClCompile Include="01_array\10_min_jumps_to_reach_end.cpp">
      <Filter>Source Files\01_array</Filter>
    </ClCompile>
    <ClCompile Include="01_array\11_find_duplicates.cpp">
      <Filter>Source Files\01_array</Filter>
    </ClCompile>
    <ClCompile Include="01_array\12_merge_2_sorted_array.cpp">
      <Filter>Source Files\01_array</Filter>
    </ClCompile>
    <ClCompile Include="01_array\13_kadane%27s_algo.cpp">
      <Filter>Source Files\01_array</Filter>
    </ClCompile>
    <ClCompile Include="01_array\14_merge_intervals.cpp">
      <Filter>Source Files\01_array</Filter>
    </ClCompile>
    <ClCompile Include="01_array\15_next_permutation.cpp">
      <Filter>Source Files\01_array</Filter>
    </ClCompile>
    <ClCompile Include="01_array\16_count_inversion.cpp">
      <Filter>Source Files\01_array</Filter>
    </ClCompile>
    <ClCompile Include="01_array\17_best_time_to_buy_stock.cpp">
      <Filter>Source Files\01_array</Filter>
    </ClCompile>
    <ClCompile Include="01_array\18_all_pair_whose_sum_is_k.cpp">
      <Filter>Source Files\01_array</Filter>
    </ClCompile>
    <ClCompile Include="01_array\19_common_ele_in_3_sorted_arr.cpp">
      <Filter>Source Files\01_array</Filter>
    </ClCompile>
    <ClCompile Include="01_array\20_rearrange_pos_neg_in_alter.cpp">
      <Filter>Source Files\01_array</Filter>
    </ClCompile>
    <ClCompile Include="01_array\21_subarray_with_sum_0.cpp">
      <Filter>Source Files\01_array</Filter>
    </ClCompile>
    <ClCompile Include="01_array\01_reverse_array.cpp">
      <Filter>Source Files\01_array</Filter>
    </ClCompile>
    <ClCompile Include="02_matrix\04_row_with_maximum_1.cpp">
      <Filter>Source Files\02_matrix</Filter>
    </ClCompile>
    <ClCompile Include="02_matrix\05_print_in_sorted_row_col_sorted_matrix.cpp">
      <Filter>Source Files\02_matrix</Filter>
    </ClCompile>
    <ClCompile Include="02_matrix\06_max_size_rectangle.cpp">
      <Filter>Source Files\02_matrix</Filter>
    </ClCompile>
    <ClCompile Include="02_matrix\07_specific_pair_in_matrix.cpp">
      <Filter>Source Files\02_matrix</Filter>
    </ClCompile>
    <ClCompile Include="02_matrix\08_rotate_matrix_by_90.cpp">
      <Filter>Source Files\02_matrix</Filter>
    </ClCompile>
    <ClCompile Include="02_matrix\09_kth_smallest_in_row_col_sorted_matrix.cpp">
      <Filter>Source Files\02_matrix</Filter>
    </ClCompile>
    <ClCompile Include="02_matrix\10_common_ele_in_all_rows.cpp">
      <Filter>Source Files\02_matrix</Filter>
    </ClCompile>
    <ClCompile Include="02_matrix\01_spiral_traversal_on_matrix.cpp">
      <Filter>Source Files\02_matrix</Filter>
    </ClCompile>
    <ClCompile Include="02_matrix\02_search_an_ele_in_matrix.cpp">
      <Filter>Source Files\02_matrix</Filter>
    </ClCompile>
    <ClCompile Include="02_matrix\03_median_in_row_wise_sorted_matrix.cpp">
      <Filter>Source Files\02_matrix</Filter>
    </ClCompile>
    <ClCompile Include="03_string\09_longest_recurring_subsequence.cpp">
      <Filter>Source Files\03_string</Filter>
    </ClCompile>
    <ClCompile Include="03_string\10_print_all_subsequence_of_string.cpp">
      <Filter>Source Files\03_string</Filter>
    </ClCompile>
    <ClCompile Include="03_string\11_print_all_permutation_of_string.cpp">
      <Filter>Source Files\03_string</Filter>
    </ClCompile>
    <ClCompile Include="03_string\12_split_binary_string_with_equal_1_and_0.cpp">
      <Filter>Source Files\03_string</Filter>
    </ClCompile>
    <ClCompile Include="03_string\13_word_wrap.cpp">
      <Filter>Source Files\03_string</Filter>
    </ClCompile>
    <ClCompile Include="03_string\14_edit_distance.cpp">
      <Filter>Source Files\03_string</Filter>
    </ClCompile>
    <ClCompile Include="03_string\15_find_next_greater_no_with_same_set_of_digit.cpp">
      <Filter>Source Files\03_string</Filter>
    </ClCompile>
    <ClCompile Include="03_string\16_balanced_paranthesis.cpp">
      <Filter>Source Files\03_string</Filter>
    </ClCompile>
    <ClCompile Include="03_string\17_word_break.cpp">
      <Filter>Source Files\03_string</Filter>
    </ClCompile>
    <ClCompile Include="03_string\18_rabin_karp.cpp">
      <Filter>Source Files\03_string</Filter>
    </ClCompile>
    <ClCompile Include="03_string\19_KMP.cpp">
      <Filter>Source Files\03_string</Filter>
    </ClCompile>
    <ClCompile Include="03_string\20_convert_sentence_into_numeric_keypad_sequence.cpp">
      <Filter>Source Files\03_string</Filter>
    </ClCompile>
    <ClCompile Include="03_string\21_min_no_of_bracket_reversals.cpp">
      <Filter>Source Files\03_string</Filter>
    </ClCompile>
    <ClCompile Include="03_string\22_count_all_palindromic_subsequence.cpp">
      <Filter>Source Files\03_string</Filter>
    </ClCompile>
    <ClCompile Include="03_string\23_count_of_no_of_given_string.cpp">
      <Filter>Source Files\03_string</Filter>
    </ClCompile>
    <ClCompile Include="03_string\24_search_word_in_2d_grid.cpp">
      <Filter>Source Files\03_string</Filter>
    </ClCompile>
    <ClCompile Include="03_string\25_boyer_moore_for_pattern_searching.cpp">
      <Filter>Source Files\03_string</Filter>
    </ClCompile>
    <ClCompile Include="03_string\26_converting_roman_numerals_to_integer.cpp">
      <Filter>Source Files\03_string</Filter>
    </ClCompile>
    <ClCompile Include="03_string\27_longest_common_prefix.cpp">
      <Filter>Source Files\03_string</Filter>
    </ClCompile>
    <ClCompile Include="03_string\28_min_no_of_flip_to_alternate.cpp">
      <Filter>Source Files\03_string</Filter>
    </ClCompile>
    <ClCompile Include="03_string\29_first_repeated_word_in_string.cpp">
      <Filter>Source Files\03_string</Filter>
    </ClCompile>
    <ClCompile Include="03_string\30_min_no_of_swaps_for_bracket_balancing.cpp">
      <Filter>Source Files\03_string</Filter>
    </ClCompile>
    <ClCompile Include="03_string\31_longest_common_subsequence.cpp">
      <Filter>Source Files\03_string</Filter>
    </ClCompile>
    <ClCompile Include="03_string\32_program_to_generate_all_valid_IP.cpp">
      <Filter>Source Files\03_string</Filter>
    </ClCompile>
    <ClCompile Include="03_string\33_smallest_window_contains_all_char_of_string_itself.cpp">
      <Filter>Source Files\03_string</Filter>
    </ClCompile>
    <ClCompile Include="03_string\34_rearrange_chars_such_that_two_adjacent_are_not_same.cpp">
      <Filter>Source Files\03_string</Filter>
    </ClCompile>
    <ClCompile Include="03_string\35_minimum_char_added_at_front_to_make_palindrom.cpp">
      <Filter>Source Files\03_string</Filter>
    </ClCompile>
    <ClCompile Include="03_string\36_given_sequence_of_all_words_print_all_anagrams.cpp">
      <Filter>Source Files\03_string</Filter>
    </ClCompile>
    <ClCompile Include="03_string\37_smallest_window_in_string_cont_all_char_of_another_string.cpp">
      <Filter>Source Files\03_string</Filter>
    </ClCompile>
    <ClCompile Include="03_string\38_recursively_remove_all_adjacent_same_char.cpp">
      <Filter>Source Files\03_string</Filter>
    </ClCompile>
    <ClCompile Include="03_string\39_string_match_where_one_string_have_wild_char.cpp">
      <Filter>Source Files\03_string</Filter>
    </ClCompile>
    <ClCompile Include="03_string\40_no_of_customers_who_could_not_find_computer.cpp">
      <Filter>Source Files\03_string</Filter>
    </ClCompile>
    <ClCompile Include="03_string\41_transform_one_string_to_another.cpp">
      <Filter>Source Files\03_string</Filter>
    </ClCompile>
    <ClCompile Include="03_string\42_check_if_two_given_string_are_isomorphic_of_each_other.cpp">
      <Filter>Source Files\03_string</Filter>
    </ClCompile>
    <ClCompile Include="03_string\43_recur_print_all_the_sentence_from_list_of_words.cpp">
      <Filter>Source Files\03_string</Filter>
    </ClCompile>
    <ClCompile Include="03_string\01-reverse-string.cpp">
      <Filter>Source Files\03_string</Filter>
    </ClCompile>
    <ClCompile Include="03_string\02-is-palindrom.cpp">
      <Filter>Source Files\03_string</Filter>
    </ClCompile>
    <ClCompile Include="03_string\03_duplicates_char_in_string.cpp">
      <Filter>Source Files\03_string</Filter>
    </ClCompile>
    <ClCompile Include="03_string\04_why_string_are_immutable.cpp">
      <Filter>Source Files\03_string</Filter>
    </ClCompile>
    <ClCompile Include="03_string\05_check_rotation_of_other.cpp">
      <Filter>Source Files\03_string</Filter>
    </ClCompile>
    <ClCompile Include="03_string\06_string_shuffle_of_other.cpp">
      <Filter>Source Files\03_string</Filter>
    </ClCompile>
    <ClCompile Include="03_string\07_count_and_say.cpp">
      <Filter>Source Files\03_string</Filter>
    </ClCompile>
    <ClCompile Include="03_string\08_longest_palindromic_substring.cpp">
      <Filter>Source Files\03_string</Filter>
    </ClCompile>
    <ClCompile Include="04_searching_and_sorting\10_find_pair_with_given_diff.cpp">
      <Filter>Source Files\04_searching_and_sorting</Filter>
    </ClCompile>
    <ClCompile Include="04_searching_and_sorting\11_find_four_ele_that_sum_to_given_value.cpp">
      <Filter>Source Files\04_searching_and_sorting</Filter>
    </ClCompile>
    <ClCompile Include="04_searching_and_sorting\12_max_sum_such_that_no_2_ele_are_adjacent.cpp">
      <Filter>Source Files\04_searching_and_sorting</Filter>
    </ClCompile>
    <ClCompile Include="04_searching_and_sorting\13_count_triplet_with_sum_less_than_given_value.cpp">
      <Filter>Source Files\04_searching_and_sorting</Filter>
    </ClCompile>
    <ClCompile Include="04_searching_and_sorting\14_merge_2_sorted_array.cpp">
      <Filter>Source Files\04_searching_and_sorting</Filter>
    </ClCompile>
    <ClCompile Include="04_searching_and_sorting\15_subarray_with_sum_0.cpp">
      <Filter>Source Files\04_searching_and_sorting</Filter>
    </ClCompile>
    <ClCompile Include="04_searching_and_sorting\16_product_array_puzzle.cpp">
      <Filter>Source Files\04_searching_and_sorting</Filter>
    </ClCompile>
    <ClCompile Include="04_searching_and_sorting\17_sort_array_acc_to_count_of_set_bits.cpp">
      <Filter>Source Files\04_searching_and_sorting</Filter>
    </ClCompile>
    <ClCompile Include="04_searching_and_sorting\18_min_swaps_require_to_sort_array.cpp">
      <Filter>Source Files\04_searching_and_sorting</Filter>
    </ClCompile>
    <ClCompile Include="04_searching_and_sorting\19_bishu_and_soldier.cpp">
      <Filter>Source Files\04_searching_and_sorting</Filter>
    </ClCompile>
    <ClCompile Include="04_searching_and_sorting\20_rasta_and_kashtak.cpp">
      <Filter>Source Files\04_searching_and_sorting</Filter>
    </ClCompile>
    <ClCompile Include="04_searching_and_sorting\21_kth_smallest_no_again.cpp">
      <Filter>Source Files\04_searching_and_sorting</Filter>
    </ClCompile>
    <ClCompile Include="04_searching_and_sorting\22_pivot_ele_in_sorted_array.cpp">
      <Filter>Source Files\04_searching_and_sorting</Filter>
    </ClCompile>
    <ClCompile Include="04_searching_and_sorting\23_kth_ele_of_2_sorted_array.cpp">
      <Filter>Source Files\04_searching_and_sorting</Filter>
    </ClCompile>
    <ClCompile Include="04_searching_and_sorting\24_aggressive_cows.cpp">
      <Filter>Source Files\04_searching_and_sorting</Filter>
    </ClCompile>
    <ClCompile Include="04_searching_and_sorting\25_book_allocation_problem.cpp">
      <Filter>Source Files\04_searching_and_sorting</Filter>
    </ClCompile>
    <ClCompile Include="04_searching_and_sorting\26_EKO.cpp">
      <Filter>Source Files\04_searching_and_sorting</Filter>
    </ClCompile>
    <ClCompile Include="04_searching_and_sorting\27_job_scheduling_algo.cpp">
      <Filter>Source Files\04_searching_and_sorting</Filter>
    </ClCompile>
    <ClCompile Include="04_searching_and_sorting\28_missing_no_in_AP.cpp">
      <Filter>Source Files\04_searching_and_sorting</Filter>
    </ClCompile>
    <ClCompile Include="04_searching_and_sorting\29_smallest_no_with_n_trailing_zero.cpp">
      <Filter>Source Files\04_searching_and_sorting</Filter>
    </ClCompile>
    <ClCompile Include="04_searching_and_sorting\30_painters_partition_problem.cpp">
      <Filter>Source Files\04_searching_and_sorting</Filter>
    </ClCompile>
    <ClCompile Include="04_searching_and_sorting\31_roti_prata.cpp">
      <Filter>Source Files\04_searching_and_sorting</Filter>
    </ClCompile>
    <ClCompile Include="04_searching_and_sorting\32_double_helix.cpp">
      <Filter>Source Files\04_searching_and_sorting</Filter>
    </ClCompile>
    <ClCompile Include="04_searching_and_sorting\33_sub_set_sum.cpp">
      <Filter>Source Files\04_searching_and_sorting</Filter>
    </ClCompile>
    <ClCompile Include="04_searching_and_sorting\34_find_inverse_count.cpp">
      <Filter>Source Files\04_searching_and_sorting</Filter>
    </ClCompile>
    <ClCompile Include="04_searching_and_sorting\35_implement_merge_sort_in_place.cpp">
      <Filter>Source Files\04_searching_and_sorting</Filter>
    </ClCompile>
    <ClCompile Include="04_searching_and_sorting\36_partitioning_and_sorting_array_with_repeating_entries.cpp">
      <Filter>Source Files\04_searching_and_sorting</Filter>
    </ClCompile>
    <ClCompile Include="04_searching_and_sorting\01_first_pos_and_last_pos.cpp">
      <Filter>Source Files\04_searching_and_sorting</Filter>
    </ClCompile>
    <ClCompile Include="04_searching_and_sorting\02_find_fixed_point.cpp">
      <Filter>Source Files\04_searching_and_sorting</Filter>
    </ClCompile>
    <ClCompile Include="04_searching_and_sorting\03_search_in_rotated_array.cpp">
      <Filter>Source Files\04_searching_and_sorting</Filter>
    </ClCompile>
    <ClCompile Include="04_searching_and_sorting\04_square_root_of_an_integer.cpp">
      <Filter>Source Files\04_searching_and_sorting</Filter>
    </ClCompile>
    <ClCompile Include="04_searching_and_sorting\05_max_min_with_min_comparison.cpp">
      <Filter>Source Files\04_searching_and_sorting</Filter>
    </ClCompile>
    <ClCompile Include="04_searching_and_sorting\06_optimum_location_of_point_to_minimize_distance.cpp">
      <Filter>Source Files\04_searching_and_sorting</Filter>
    </ClCompile>
    <ClCompile Include="04_searching_and_sorting\07_find_rep_and_missing.cpp">
      <Filter>Source Files\04_searching_and_sorting</Filter>
    </ClCompile>
    <ClCompile Include="04_searching_and_sorting\08_find_majority_ele.cpp">
      <Filter>Source Files\04_searching_and_sorting</Filter>
    </ClCompile>
    <ClCompile Include="04_searching_and_sorting\09_searching_array_with_adj_diff_by_almost_k.cpp">
      <Filter>Source Files\04_searching_and_sorting</Filter>
    </ClCompile>
    <ClCompile Include="05_linked_list\07_remove_duplicates_from_unsorted_linklist.cpp">
      <Filter>Source Files\05_linked_list</Filter>
    </ClCompile>
    <ClCompile Include="05_linked_list\08_move_last_ele_to_front.cpp">
      <Filter>Source Files\05_linked_list</Filter>
    </ClCompile>
    <ClCompile Include="05_linked_list\09_add_1_to_no_in_linklist.cpp">
      <Filter>Source Files\05_linked_list</Filter>
    </ClCompile>
    <ClCompile Include="05_linked_list\10_add_2_no_represented_by_linklist.cpp">
      <Filter>Source Files\05_linked_list</Filter>
    </ClCompile>
    <ClCompile Include="05_linked_list\11_intersection_of_2_linklist.cpp">
      <Filter>Source Files\05_linked_list</Filter>
    </ClCompile>
    <ClCompile Include="05_linked_list\12_intersection_point_of_2_linklist.cpp">
      <Filter>Source Files\05_linked_list</Filter>
    </ClCompile>
    <ClCompile Include="05_linked_list\13_merge_sort_for_linklist.cpp">
      <Filter>Source Files\05_linked_list</Filter>
    </ClCompile>
    <ClCompile Include="05_linked_list\14_quick_sort_for_linklist.cpp">
      <Filter>Source Files\05_linked_list</Filter>
    </ClCompile>
    <ClCompile Include="05_linked_list\15_middle_ele_of_linklist.cpp">
      <Filter>Source Files\05_linked_list</Filter>
    </ClCompile>
    <ClCompile Include="05_linked_list\16_check_if_circular_linklist.cpp">
      <Filter>Source Files\05_linked_list</Filter>
    </ClCompile>
    <ClCompile Include="05_linked_list\17_split_circular_linklist_into_2_halves.cpp">
      <Filter>Source Files\05_linked_list</Filter>
    </ClCompile>
    <ClCompile Include="05_linked_list\18_singly_linklist_is_palindrom_or_not.cpp">
      <Filter>Source Files\05_linked_list</Filter>
    </ClCompile>
    <ClCompile Include="05_linked_list\19_deletion_from_circular_linklist.cpp">
      <Filter>Source Files\05_linked_list</Filter>
    </ClCompile>
    <ClCompile Include="05_linked_list\20_reverse_doubly_linklist.cpp">
      <Filter>Source Files\05_linked_list</Filter>
    </ClCompile>
    <ClCompile Include="05_linked_list\21_find_pair_with_given_sum_in_sorted_DLL.cpp">
      <Filter>Source Files\05_linked_list</Filter>
    </ClCompile>
    <ClCompile Include="05_linked_list\22_count_triplets_in_sorted_DLL_whose_sum_is_x.cpp">
      <Filter>Source Files\05_linked_list</Filter>
    </ClCompile>
    <ClCompile Include="05_linked_list\23_sort_k_sorted_DLL.cpp">
      <Filter>Source Files\05_linked_list</Filter>
    </ClCompile>
    <ClCompile Include="05_linked_list\24_rotate_doubly_linklist_by_n_node.cpp">
      <Filter>Source Files\05_linked_list</Filter>
    </ClCompile>
    <ClCompile Include="05_linked_list\25_reverse_or_rotate_doubly_linklist_in_given_size.cpp">
      <Filter>Source Files\05_linked_list</Filter>
    </ClCompile>
    <ClCompile Include="05_linked_list\26_reverse_link_list_in_big_logn.cpp">
      <Filter>Source Files\05_linked_list</Filter>
    </ClCompile>
    <ClCompile Include="05_linked_list\27_quicksort_for_array_merge_sort_for_linklist.cpp">
      <Filter>Source Files\05_linked_list</Filter>
    </ClCompile>
    <ClCompile Include="05_linked_list\28_flattern_a_linklist.cpp">
      <Filter>Source Files\05_linked_list</Filter>
    </ClCompile>
    <ClCompile Include="05_linked_list\29_sort_LL_of_0_1_and_2.cpp">
      <Filter>Source Files\05_linked_list</Filter>
    </ClCompile>
    <ClCompile Include="05_linked_list\30_clone_linklist_with_next_and_random_pointer.cpp">
      <Filter>Source Files\05_linked_list</Filter>
    </ClCompile>
    <ClCompile Include="05_linked_list\31_merge_k_sorted_LL.cpp">
      <Filter>Source Files\05_linked_list</Filter>
    </ClCompile>
    <ClCompile Include="05_linked_list\32_multiply_2_no_from_linklist.cpp">
      <Filter>Source Files\05_linked_list</Filter>
    </ClCompile>
    <ClCompile Include="05_linked_list\33_delete_nodes_which_have_greater_value_on_right_side.cpp">
      <Filter>Source Files\05_linked_list</Filter>
    </ClCompile>
    <ClCompile Include="05_linked_list\34_segregate_even_and_odd_nodes_in_linklist.cpp">
      <Filter>Source Files\05_linked_list</Filter>
    </ClCompile>
    <ClCompile Include="05_linked_list\35_nth_node_from_the_end_of_the_linklist.cpp">
      <Filter>Source Files\05_linked_list</Filter>
    </ClCompile>
    <ClCompile Include="05_linked_list\36_first_non_repeating_char_string_stream.cpp">
      <Filter>Source Files\05_linked_list</Filter>
    </ClCompile>
    <ClCompile Include="05_linked_list\01_reverse_linklist.cpp">
      <Filter>Source Files\05_linked_list</Filter>
    </ClCompile>
    <ClCompile Include="05_linked_list\02_reverse_linklist_given_n.cpp">
      <Filter>Source Files\05_linked_list</Filter>
    </ClCompile>
    <ClCompile Include="05_linked_list\03_detect_loop.cpp">
      <Filter>Source Files\05_linked_list</Filter>
    </ClCompile>
    <ClCompile Include="05_linked_list\04_delete_loop.cpp">
      <Filter>Source Files\05_linked_list</Filter>
    </ClCompile>
    <ClCompile Include="05_linked_list\05_first_node_in_loop.cpp">
      <Filter>Source Files\05_linked_list</Filter>
    </ClCompile>
    <ClCompile Include="05_linked_list\06_remove_duplicates_in_sorted_linklist.cpp">
      <Filter>Source Files\05_linked_list</Filter>
    </ClCompile>
    <ClCompile Include="06_binary_trees\05_mirror_of_tree.cpp">
      <Filter>Source Files\06_binary_trees</Filter>
    </ClCompile>
    <ClCompile Include="06_binary_trees\06_inorder_traversal_recursion_itertion.cpp">
      <Filter>Source Files\06_binary_trees</Filter>
    </ClCompile>
    <ClCompile Include="06_binary_trees\07_preorder_traversal_recursion_itertion.cpp">
      <Filter>Source Files\06_binary_trees</Filter>
    </ClCompile>
    <ClCompile Include="06_binary_trees\08_postorder_traversal_recursion_itertion.cpp">
      <Filter>Source Files\06_binary_trees</Filter>
    </ClCompile>
    <ClCompile Include="06_binary_trees\09_left_view_of_tree.cpp">
      <Filter>Source Files\06_binary_trees</Filter>
    </ClCompile>
    <ClCompile Include="06_binary_trees\10_right_view_of_tree.cpp">
      <Filter>Source Files\06_binary_trees</Filter>
    </ClCompile>
    <ClCompile Include="06_binary_trees\11_top_view_of_tree.cpp">
      <Filter>Source Files\06_binary_trees</Filter>
    </ClCompile>
    <ClCompile Include="06_binary_trees\12_bottom_view_of_tree.cpp">
      <Filter>Source Files\06_binary_trees</Filter>
    </ClCompile>
    <ClCompile Include="06_binary_trees\13_zigzag_traversal_of_binary_tree.cpp">
      <Filter>Source Files\06_binary_trees</Filter>
    </ClCompile>
    <ClCompile Include="06_binary_trees\14_check_if_tree_is_balance_or_not.cpp">
      <Filter>Source Files\06_binary_trees</Filter>
    </ClCompile>
    <ClCompile Include="06_binary_trees\15_diagonal_traversal_of_binary_tree.cpp">
      <Filter>Source Files\06_binary_trees</Filter>
    </ClCompile>
    <ClCompile Include="06_binary_trees\16_boundary_traversal_of_binary_tree.cpp">
      <Filter>Source Files\06_binary_trees</Filter>
    </ClCompile>
    <ClCompile Include="06_binary_trees\17_construct_binary_tree_from_string_using_bracket_presentation.cpp">
      <Filter>Source Files\06_binary_trees</Filter>
    </ClCompile>
    <ClCompile Include="06_binary_trees\18_convert_binary_trees_into_doubly_linklist.cpp">
      <Filter>Source Files\06_binary_trees</Filter>
    </ClCompile>
    <ClCompile Include="06_binary_trees\19_convert_binary_trees_into_sum_trees.cpp">
      <Filter>Source Files\06_binary_trees</Filter>
    </ClCompile>
    <ClCompile Include="06_binary_trees\20_construct_binary_trees_from_inorder_preorder_traversal.cpp">
      <Filter>Source Files\06_binary_trees</Filter>
    </ClCompile>
    <ClCompile Include="06_binary_trees\21_minimum_swaps_require_to_convert_binary_tree_to_BST.cpp">
      <Filter>Source Files\06_binary_trees</Filter>
    </ClCompile>
    <ClCompile Include="06_binary_trees\22_check_if_binary_tree_is_sum_tree_or_not.cpp">
      <Filter>Source Files\06_binary_trees</Filter>
    </ClCompile>
    <ClCompile Include="06_binary_trees\23_check_if_all_leaf_node_are_at_same_level.cpp">
      <Filter>Source Files\06_binary_trees</Filter>
    </ClCompile>
    <ClCompile Include="06_binary_trees\24_check_if_BT_contains_duplicate_subtree_of_size_2.cpp">
      <Filter>Source Files\06_binary_trees</Filter>
    </ClCompile>
    <ClCompile Include="06_binary_trees\25_check_if_two_trees_are_mirror_or_not.cpp">
      <Filter>Source Files\06_binary_trees</Filter>
    </ClCompile>
    <ClCompile Include="06_binary_trees\26_sum_of_nodes_on_longest_path_from_root_to_leaf_nodes.cpp">
      <Filter>Source Files\06_binary_trees</Filter>
    </ClCompile>
    <ClCompile Include="06_binary_trees\27_check_if_graph_is_tree_or_not.cpp">
      <Filter>Source Files\06_binary_trees</Filter>
    </ClCompile>
    <ClCompile Include="06_binary_trees\28_largest_subtree_sum_in_tree.cpp">
      <Filter>Source Files\06_binary_trees</Filter>
    </ClCompile>
    <ClCompile Include="06_binary_trees\29_maximum_sum_of_nodes_in_BT_such_that_no_2_are_adjacent.cpp">
      <Filter>Source Files\06_binary_trees</Filter>
    </ClCompile>
    <ClCompile Include="06_binary_trees\30_print_all_K_sum_path_in_BT.cpp">
      <Filter>Source Files\06_binary_trees</Filter>
    </ClCompile>
    <ClCompile Include="06_binary_trees\31_find_LCA_in_BT.cpp">
      <Filter>Source Files\06_binary_trees</Filter>
    </ClCompile>
    <ClCompile Include="06_binary_trees\32_distance_between_2_nodes_in_binary_trees.cpp">
      <Filter>Source Files\06_binary_trees</Filter>
    </ClCompile>
    <ClCompile Include="06_binary_trees\33_kth_ancestor_of_node_in_BT.cpp">
      <Filter>Source Files\06_binary_trees</Filter>
    </ClCompile>
    <ClCompile Include="06_binary_trees\34_find_all_duplicate_subtree_in_BT.cpp">
      <Filter>Source Files\06_binary_trees</Filter>
    </ClCompile>
    <ClCompile Include="06_binary_trees\35_trees_isomorphism_problem.cpp">
      <Filter>Source Files\06_binary_trees</Filter>
    </ClCompile>
    <ClCompile Include="06_binary_trees\01_level_order_traversal.cpp">
      <Filter>Source Files\06_binary_trees</Filter>
    </ClCompile>
    <ClCompile Include="06_binary_trees\02_reverse_level_order_traversal.cpp">
      <Filter>Source Files\06_binary_trees</Filter>
    </ClCompile>
    <ClCompile Include="06_binary_trees\03_height_of_tree.cpp">
      <Filter>Source Files\06_binary_trees</Filter>
    </ClCompile>
    <ClCompile Include="06_binary_trees\04_diameter_of_tree.cpp">
      <Filter>Source Files\06_binary_trees</Filter>
    </ClCompile>
    <ClCompile Include="07_binary_search_trees\09_convert_binary_tree_into_BST.cpp">
      <Filter>Source Files\07_binary_search_trees</Filter>
    </ClCompile>
    <ClCompile Include="07_binary_search_trees\10_convert_normal_BST_to_balanced_BST.cpp">
      <Filter>Source Files\07_binary_search_trees</Filter>
    </ClCompile>
    <ClCompile Include="07_binary_search_trees\11_merge_2_BST.cpp">
      <Filter>Source Files\07_binary_search_trees</Filter>
    </ClCompile>
    <ClCompile Include="07_binary_search_trees\12_kth_largest_ele_in_BST.cpp">
      <Filter>Source Files\07_binary_search_trees</Filter>
    </ClCompile>
    <ClCompile Include="07_binary_search_trees\13_kth_smallest_ele_in_BST.cpp">
      <Filter>Source Files\07_binary_search_trees</Filter>
    </ClCompile>
    <ClCompile Include="07_binary_search_trees\14_count_pairs_from_2_BST_whose_sum_is_equal_to_given_X.cpp">
      <Filter>Source Files\07_binary_search_trees</Filter>
    </ClCompile>
    <ClCompile Include="07_binary_search_trees\15_find_median_in_BST_in_ON_TC_and_O1_SC.cpp">
      <Filter>Source Files\07_binary_search_trees</Filter>
    </ClCompile>
    <ClCompile Include="07_binary_search_trees\16_count_BST_nodes_which_lies_in_given_range.cpp">
      <Filter>Source Files\07_binary_search_trees</Filter>
    </ClCompile>
    <ClCompile Include="07_binary_search_trees\17_replace_every_element_with_least_greater_ele_on_its_right.cpp">
      <Filter>Source Files\07_binary_search_trees</Filter>
    </ClCompile>
    <ClCompile Include="07_binary_search_trees\18_given_N_appointments_find_conflicting_appointments.cpp">
      <Filter>Source Files\07_binary_search_trees</Filter>
    </ClCompile>
    <ClCompile Include="07_binary_search_trees\19_check_if_preorder_is_valid_or_not.cpp">
      <Filter>Source Files\07_binary_search_trees</Filter>
    </ClCompile>
    <ClCompile Include="07_binary_search_trees\20_check_wether_BST_contains_dead_end.cpp">
      <Filter>Source Files\07_binary_search_trees</Filter>
    </ClCompile>
    <ClCompile Include="07_binary_search_trees\21_largest_BST_in_binary_tree.cpp">
      <Filter>Source Files\07_binary_search_trees</Filter>
    </ClCompile>
    <ClCompile Include="07_binary_search_trees\22_flatten_BST_to_sorted_list.cpp">
      <Filter>Source Files\07_binary_search_trees</Filter>
    </ClCompile>
    <ClCompile Include="07_binary_search_trees\01_find_a_value_in_BST.cpp">
      <Filter>Source Files\07_binary_search_trees</Filter>
    </ClCompile>
    <ClCompile Include="07_binary_search_trees\02_deletion_of_node_in_BST.cpp">
      <Filter>Source Files\07_binary_search_trees</Filter>
    </ClCompile>
    <ClCompile Include="07_binary_search_trees\03_min_max_value_in_BST.cpp">
      <Filter>Source Files\07_binary_search_trees</Filter>
    </ClCompile>
    <ClCompile Include="07_binary_search_trees\04_find_inorder_successor_predecessor_in_BST.cpp">
      <Filter>Source Files\07_binary_search_trees</Filter>
    </ClCompile>
    <ClCompile Include="07_binary_search_trees\05_check_if_tree_is_BST_or_not.cpp">
      <Filter>Source Files\07_binary_search_trees</Filter>
    </ClCompile>
    <ClCompile Include="07_binary_search_trees\06_populate_inorder_successor_of_BST.cpp">
      <Filter>Source Files\07_binary_search_trees</Filter>
    </ClCompile>
    <ClCompile Include="07_binary_search_trees\07_find_LCA_of_2_nodes_in_BST.cpp">
      <Filter>Source Files\07_binary_search_trees</Filter>
    </ClCompile>
    <ClCompile Include="07_binary_search_trees\08_construct_BST_from_preorder_traversal.cpp">
      <Filter>Source Files\07_binary_search_trees</Filter>
    </ClCompile>
    <ClCompile Include="08_greedy\07_maximum_trains_for_which_stoppage_can_be_provided.cpp">
      <Filter>Source Files\08_greedy</Filter>
    </ClCompile>
    <ClCompile Include="08_greedy\08_minimum_platform_problem.cpp">
      <Filter>Source Files\08_greedy</Filter>
    </ClCompile>
    <ClCompile Include="08_greedy\09_buy_maximum_stock_if_can_be_bought_on_ith_day.cpp">
      <Filter>Source Files\08_greedy</Filter>
    </ClCompile>
    <ClCompile Include="08_greedy\10_max_min_amount_to_buy_all_candy.cpp">
      <Filter>Source Files\08_greedy</Filter>
    </ClCompile>
    <ClCompile Include="08_greedy\11_min_cash_flow_in_friends_who_has_borrowed_money.cpp">
      <Filter>Source Files\08_greedy</Filter>
    </ClCompile>
    <ClCompile Include="08_greedy\12_min_cost_to_cut_board_into_square.cpp">
      <Filter>Source Files\08_greedy</Filter>
    </ClCompile>
    <ClCompile Include="08_greedy\13_check_if_its_possible_to_survive_on_island.cpp">
      <Filter>Source Files\08_greedy</Filter>
    </ClCompile>
    <ClCompile Include="08_greedy\14_find_maximum_meetings_in_one_room.cpp">
      <Filter>Source Files\08_greedy</Filter>
    </ClCompile>
    <ClCompile Include="08_greedy\15_maximum_product_subset_of_an_array.cpp">
      <Filter>Source Files\08_greedy</Filter>
    </ClCompile>
    <ClCompile Include="08_greedy\16_maximize_array_sum_after_k_negations.cpp">
      <Filter>Source Files\08_greedy</Filter>
    </ClCompile>
    <ClCompile Include="08_greedy\17_maximize_sum_of_arr_i_into_i.cpp">
      <Filter>Source Files\08_greedy</Filter>
    </ClCompile>
    <ClCompile Include="08_greedy\18_maximum_sum_of_absolute_difference_of_an_array.cpp">
      <Filter>Source Files\08_greedy</Filter>
    </ClCompile>
    <ClCompile Include="08_greedy\19_maximum_sum_of_consecutive_difference_in_circular_array.cpp">
      <Filter>Source Files\08_greedy</Filter>
    </ClCompile>
    <ClCompile Include="08_greedy\20_min_sum_of_absolute_difference_in_pair_of_2_arrays.cpp">
      <Filter>Source Files\08_greedy</Filter>
    </ClCompile>
    <ClCompile Include="08_greedy\21_shortest_job_first_SJF.cpp">
      <Filter>Source Files\08_greedy</Filter>
    </ClCompile>
    <ClCompile Include="08_greedy\22_least_recently_used_LRU_page_replacement.cpp">
      <Filter>Source Files\08_greedy</Filter>
    </ClCompile>
    <ClCompile Include="08_greedy\23_smallest_subset_with_sum_greater_than_all_other_element.cpp">
      <Filter>Source Files\08_greedy</Filter>
    </ClCompile>
    <ClCompile Include="08_greedy\24_chocolate_distribution_problem.cpp">
      <Filter>Source Files\08_greedy</Filter>
    </ClCompile>
    <ClCompile Include="08_greedy\25_DEFKIN_defence_of_kingdom.cpp">
      <Filter>Source Files\08_greedy</Filter>
    </ClCompile>
    <ClCompile Include="08_greedy\26_die_hard.cpp">
      <Filter>Source Files\08_greedy</Filter>
    </ClCompile>
    <ClCompile Include="08_greedy\27_GERGOVIA_wine_trading_in_gergovia.cpp">
      <Filter>Source Files\08_greedy</Filter>
    </ClCompile>
    <ClCompile Include="08_greedy\28_picking_up_chicks.cpp">
      <Filter>Source Files\08_greedy</Filter>
    </ClCompile>
    <ClCompile Include="08_greedy\29_CHOCOLA_choclate.cpp">
      <Filter>Source Files\08_greedy</Filter>
    </ClCompile>
    <ClCompile Include="08_greedy\30_ARRANGE_arranging_amplifiers.cpp">
      <Filter>Source Files\08_greedy</Filter>
    </ClCompile>
    <ClCompile Include="08_greedy\31_K_centers_problem.cpp">
      <Filter>Source Files\08_greedy</Filter>
    </ClCompile>
    <ClCompile Include="08_greedy\32_minimum_cost_of_ropes.cpp">
      <Filter>Source Files\08_greedy</Filter>
    </ClCompile>
    <ClCompile Include="08_greedy\33_find_smallest_no_given_total_no_of_digits_and_sum_of_digits.cpp">
      <Filter>Source Files\08_greedy</Filter>
    </ClCompile>
    <ClCompile Include="08_greedy\34_rearrange_characters_in_string_such_that_no_2_adjacent_are_same.cpp">
      <Filter>Source Files\08_greedy</Filter>
    </ClCompile>
    <ClCompile Include="08_greedy\35_find_maximum_sum_possible_equal_sum_of_three_stacks.cpp">
      <Filter>Source Files\08_greedy</Filter>
    </ClCompile>
    <ClCompile Include="08_greedy\01_activity_selection_problem.cpp">
      <Filter>Source Files\08_greedy</Filter>
    </ClCompile>
    <ClCompile Include="08_greedy\02_job_sequencing_problem.cpp">
      <Filter>Source Files\08_greedy</Filter>
    </ClCompile>
    <ClCompile Include="08_greedy\03_huffman_coding.cpp">
      <Filter>Source Files\08_greedy</Filter>
    </ClCompile>
    <ClCompile Include="08_greedy\04_water_connection_problem.cpp">
      <Filter>Source Files\08_greedy</Filter>
    </ClCompile>
    <ClCompile Include="08_greedy\05_fractional_knapsack_problem.cpp">
      <Filter>Source Files\08_greedy</Filter>
    </ClCompile>
    <ClCompile Include="08_greedy\06_find_minimum_no_of_coins.cpp">
      <Filter>Source Files\08_greedy</Filter>
    </ClCompile>
    <ClCompile Include="09_backtracking\02_print_all_solution_in_N_queen_problem.cpp">
      <Filter>Source Files\09_backtracking</Filter>
    </ClCompile>
    <ClCompile Include="09_backtracking\03_word_break_problem_using_backtracking.cpp">
      <Filter>Source Files\09_backtracking</Filter>
    </ClCompile>
    <ClCompile Include="09_backtracking\04_remove_invalid_paranthesis.cpp">
      <Filter>Source Files\09_backtracking</Filter>
    </ClCompile>
    <ClCompile Include="09_backtracking\05_sudoku_solver.cpp">
      <Filter>Source Files\09_backtracking</Filter>
    </ClCompile>
    <ClCompile Include="09_backtracking\06_M_coloring_problem.cpp">
      <Filter>Source Files\09_backtracking</Filter>
    </ClCompile>
    <ClCompile Include="09_backtracking\07_print_all_palindromic_partitions_of_string.cpp">
      <Filter>Source Files\09_backtracking</Filter>
    </ClCompile>
    <ClCompile Include="09_backtracking\08_subset_sum_problem.cpp">
      <Filter>Source Files\09_backtracking</Filter>
    </ClCompile>
    <ClCompile Include="09_backtracking\09_knights_tour_problem.cpp">
      <Filter>Source Files\09_backtracking</Filter>
    </ClCompile>
    <ClCompile Include="09_backtracking\10_tug_of_war.cpp">
      <Filter>Source Files\09_backtracking</Filter>
    </ClCompile>
    <ClCompile Include="09_backtracking\11_find_shortest_safe_route_in_path_with_landmines.cpp">
      <Filter>Source Files\09_backtracking</Filter>
    </ClCompile>
    <ClCompile Include="09_backtracking\12_combinational_sum.cpp">
      <Filter>Source Files\09_backtracking</Filter>
    </ClCompile>
    <ClCompile Include="09_backtracking\13_maximum_no_possible_by_doing_atmost_k_swaps.cpp">
      <Filter>Source Files\09_backtracking</Filter>
    </ClCompile>
    <ClCompile Include="09_backtracking\14_print_all_permutations_of_string.cpp">
      <Filter>Source Files\09_backtracking</Filter>
    </ClCompile>
    <ClCompile Include="09_backtracking\15_find_if_there_is_path_of_more_than_k_length_from_source.cpp">
      <Filter>Source Files\09_backtracking</Filter>
    </ClCompile>
    <ClCompile Include="09_backtracking\16_longest_possible_route_in_matrix_with_hurdles.cpp">
      <Filter>Source Files\09_backtracking</Filter>
    </ClCompile>
    <ClCompile Include="09_backtracking\17_print_all_possible_path_from_top_left_to_bottom_right_in_MN_matrix.cpp">
      <Filter>Source Files\09_backtracking</Filter>
    </ClCompile>
    <ClCompile Include="09_backtracking\18_partition_of_set_into_K_subset_with_equal_sum.cpp">
      <Filter>Source Files\09_backtracking</Filter>
    </ClCompile>
    <ClCompile Include="09_backtracking\19_kth_permutation_sequence_of_first_N_natural_no.cpp">
      <Filter>Source Files\09_backtracking</Filter>
    </ClCompile>
    <ClCompile Include="09_backtracking\00_intro.cpp">
      <Filter>Source Files\09_backtracking</Filter>
    </ClCompile>
    <ClCompile Include="09_backtracking\01_rat_in_maze.cpp">
      <Filter>Source Files\09_backtracking</Filter>
    </ClCompile>
    <ClCompile Include="10_stack_and_queues\07_reverse_string_using_stack.cpp">
      <Filter>Source Files\10_stack_and_queues</Filter>
    </ClCompile>
    <ClCompile Include="10_stack_and_queues\08_minEle_in_O1_TC_O1_SC.cpp">
      <Filter>Source Files\10_stack_and_queues</Filter>
    </ClCompile>
    <ClCompile Include="10_stack_and_queues\09_find_next_greater_ele.cpp">
      <Filter>Source Files\10_stack_and_queues</Filter>
    </ClCompile>
    <ClCompile Include="10_stack_and_queues\10_the_celebrity_problem.cpp">
      <Filter>Source Files\10_stack_and_queues</Filter>
    </ClCompile>
    <ClCompile Include="10_stack_and_queues\11_arithmetic_expression_evaluation.cpp">
      <Filter>Source Files\10_stack_and_queues</Filter>
    </ClCompile>
    <ClCompile Include="10_stack_and_queues\12_evaluation_of_postfix_expression.cpp">
      <Filter>Source Files\10_stack_and_queues</Filter>
    </ClCompile>
    <ClCompile Include="10_stack_and_queues\13_insert_ele_in_bottom_without_using_datastructure.cpp">
      <Filter>Source Files\10_stack_and_queues</Filter>
    </ClCompile>
    <ClCompile Include="10_stack_and_queues\14_reverse_stack_using_recursion.cpp">
      <Filter>Source Files\10_stack_and_queues</Filter>
    </ClCompile>
    <ClCompile Include="10_stack_and_queues\15_sort_stack_using_recursion.cpp">
      <Filter>Source Files\10_stack_and_queues</Filter>
    </ClCompile>
    <ClCompile Include="10_stack_and_queues\16_merge_overlapping_intervals.cpp">
      <Filter>Source Files\10_stack_and_queues</Filter>
    </ClCompile>
    <ClCompile Include="10_stack_and_queues\17_largest_rectangular_area_in_histogram.cpp">
      <Filter>Source Files\10_stack_and_queues</Filter>
    </ClCompile>
    <ClCompile Include="10_stack_and_queues\18_length_of_the_longest_valid_string.cpp">
      <Filter>Source Files\10_stack_and_queues</Filter>
    </ClCompile>
    <ClCompile Include="10_stack_and_queues\19_expression_contains_redundant_brackets_or_not.cpp">
      <Filter>Source Files\10_stack_and_queues</Filter>
    </ClCompile>
    <ClCompile Include="10_stack_and_queues\20_implement_stack_using_queue.cpp">
      <Filter>Source Files\10_stack_and_queues</Filter>
    </ClCompile>
    <ClCompile Include="10_stack_and_queues\21_implement_stack_and_queue_using_dequeue.cpp">
      <Filter>Source Files\10_stack_and_queues</Filter>
    </ClCompile>
    <ClCompile Include="10_stack_and_queues\22_stack_permutations.cpp">
      <Filter>Source Files\10_stack_and_queues</Filter>
    </ClCompile>
    <ClCompile Include="10_stack_and_queues\23_implement_queue_using_stack.cpp">
      <Filter>Source Files\10_stack_and_queues</Filter>
    </ClCompile>
    <ClCompile Include="10_stack_and_queues\24_implement_n_queue_using_array.cpp">
      <Filter>Source Files\10_stack_and_queues</Filter>
    </ClCompile>
    <ClCompile Include="10_stack_and_queues\25_implement_circular_queue.cpp">
      <Filter>Source Files\10_stack_and_queues</Filter>
    </ClCompile>
    <ClCompile Include="10_stack_and_queues\26_LRU_cache_implementation.cpp">
      <Filter>Source Files\10_stack_and_queues</Filter>
    </ClCompile>
    <ClCompile Include="10_stack_and_queues\27_reverse_queue_using_recursion.cpp">
      <Filter>Source Files\10_stack_and_queues</Filter>
    </ClCompile>
    <ClCompile Include="10_stack_and_queues\28_reverse_first_K_element_of_queue.cpp">
      <Filter>Source Files\10_stack_and_queues</Filter>
    </ClCompile>
    <ClCompile Include="10_stack_and_queues\29_interleave_first_half_of_queue_with_second_half.cpp">
      <Filter>Source Files\10_stack_and_queues</Filter>
    </ClCompile>
    <ClCompile Include="10_stack_and_queues\30_first_circular_tour_visiting_all_petrol_pumps.cpp">
      <Filter>Source Files\10_stack_and_queues</Filter>
    </ClCompile>
    <ClCompile Include="10_stack_and_queues\31_minimum_time_required_to_rot_all_oranges.cpp">
      <Filter>Source Files\10_stack_and_queues</Filter>
    </ClCompile>
    <ClCompile Include="10_stack_and_queues\32_distance_of_nearest_cell_having_1.cpp">
      <Filter>Source Files\10_stack_and_queues</Filter>
    </ClCompile>
    <ClCompile Include="10_stack_and_queues\33_first_negative_in_every_window_of_size_k.cpp">
      <Filter>Source Files\10_stack_and_queues</Filter>
    </ClCompile>
    <ClCompile Include="10_stack_and_queues\34_check_if_all_levels_of_trees_is_anagram.cpp">
      <Filter>Source Files\10_stack_and_queues</Filter>
    </ClCompile>
    <ClCompile Include="10_stack_and_queues\35_Sum_of_minimum_and_maximum_elements_of_all_subarrays_of_size_k.cpp">
      <Filter>Source Files\10_stack_and_queues</Filter>
    </ClCompile>
    <ClCompile Include="10_stack_and_queues\36_Minimum_sum_of_squares_of_character_counts_in_given_string_after_removing_k_characters.cpp">
      <Filter>Source Files\10_stack_and_queues</Filter>
    </ClCompile>
    <ClCompile Include="10_stack_and_queues\37_Queue_based_approach_or_first_non_repeating_character_in_stream.cpp">
      <Filter>Source Files\10_stack_and_queues</Filter>
    </ClCompile>
    <ClCompile Include="10_stack_and_queues\38_next_smaller_element.cpp">
      <Filter>Source Files\10_stack_and_queues</Filter>
    </ClCompile>
    <ClCompile Include="10_stack_and_queues\01_implement_stack_from_scratch.cpp">
      <Filter>Source Files\10_stack_and_queues</Filter>
    </ClCompile>
    <ClCompile Include="10_stack_and_queues\02_implement_queue_from_scratch.cpp">
      <Filter>Source Files\10_stack_and_queues</Filter>
    </ClCompile>
    <ClCompile Include="10_stack_and_queues\03_implement_2_stack_in_array.cpp">
      <Filter>Source Files\10_stack_and_queues</Filter>
    </ClCompile>
    <ClCompile Include="10_stack_and_queues\04_find_middle_ele_in_stack.cpp">
      <Filter>Source Files\10_stack_and_queues</Filter>
    </ClCompile>
    <ClCompile Include="10_stack_and_queues\05_implement_N_stacks_in_one_array.cpp">
      <Filter>Source Files\10_stack_and_queues</Filter>
    </ClCompile>
    <ClCompile Include="10_stack_and_queues\06_check_expression_has_balanced_paranthesis_or_not.cpp">
      <Filter>Source Files\10_stack_and_queues</Filter>
    </ClCompile>
  </ItemGroup>
  <ItemGroup>
    <ClInclude Include="pch.h">
      <Filter>Header Files</Filter>
    </ClInclude>
  </ItemGroup>
</Project>